
Microsoft Visual Studio Solution File, Format Version 11.00
# Visual Studio 2010
Project("{FAE04EC0-301F-11D3-BF4B-00C04F79EFBC}") = "MazeWalk", "Assembly-CSharp.csproj", "{342B1E3C-2DC1-F31F-3DEE-E0A933F1FAD5}"
EndProject
Project("{FAE04EC0-301F-11D3-BF4B-00C04F79EFBC}") = "MazeWalk", "Assembly-CSharp-Editor.csproj", "{55CFFBB7-6D50-74DF-C4CE-642913B423A8}"
EndProject
Global
	GlobalSection(SolutionConfigurationPlatforms) = preSolution
		Debug|Any CPU = Debug|Any CPU
		Release|Any CPU = Release|Any CPU
	EndGlobalSection
	GlobalSection(ProjectConfigurationPlatforms) = postSolution
		{342B1E3C-2DC1-F31F-3DEE-E0A933F1FAD5}.Debug|Any CPU.ActiveCfg = Debug|Any CPU
		{342B1E3C-2DC1-F31F-3DEE-E0A933F1FAD5}.Debug|Any CPU.Build.0 = Debug|Any CPU
		{342B1E3C-2DC1-F31F-3DEE-E0A933F1FAD5}.Release|Any CPU.ActiveCfg = Release|Any CPU
		{342B1E3C-2DC1-F31F-3DEE-E0A933F1FAD5}.Release|Any CPU.Build.0 = Release|Any CPU
		{55CFFBB7-6D50-74DF-C4CE-642913B423A8}.Debug|Any CPU.ActiveCfg = Debug|Any CPU
		{55CFFBB7-6D50-74DF-C4CE-642913B423A8}.Debug|Any CPU.Build.0 = Debug|Any CPU
		{55CFFBB7-6D50-74DF-C4CE-642913B423A8}.Release|Any CPU.ActiveCfg = Release|Any CPU
		{55CFFBB7-6D50-74DF-C4CE-642913B423A8}.Release|Any CPU.Build.0 = Release|Any CPU
	EndGlobalSection
	GlobalSection(SolutionProperties) = preSolution
		HideSolutionNode = FALSE
	EndGlobalSection
	GlobalSection(MonoDevelopProperties) = preSolution
		StartupItem = Assembly-CSharp.csproj
	EndGlobalSection
EndGlobal
